
Microsoft Visual Studio Solution File, Format Version 12.00
# Visual Studio Version 16
VisualStudioVersion = 16.0.30804.86
MinimumVisualStudioVersion = 10.0.40219.1
Project("{FAE04EC0-301F-11D3-BF4B-00C04F79EFBC}") = "ConsoleApp1", "ConsoleApp1.csproj", "{51DAFDCA-41F7-4D22-95F1-2EBF8BA78787}"
EndProject
Global
	GlobalSection(SolutionConfigurationPlatforms) = preSolution
		Debug|Any CPU = Debug|Any CPU
		Release|Any CPU = Release|Any CPU
	EndGlobalSection
	GlobalSection(ProjectConfigurationPlatforms) = postSolution
		{51DAFDCA-41F7-4D22-95F1-2EBF8BA78787}.Debug|Any CPU.ActiveCfg = Debug|Any CPU
		{51DAFDCA-41F7-4D22-95F1-2EBF8BA78787}.Debug|Any CPU.Build.0 = Debug|Any CPU
		{51DAFDCA-41F7-4D22-95F1-2EBF8BA78787}.Release|Any CPU.ActiveCfg = Release|Any CPU
		{51DAFDCA-41F7-4D22-95F1-2EBF8BA78787}.Release|Any CPU.Build.0 = Release|Any CPU
	EndGlobalSection
	GlobalSection(SolutionProperties) = preSolution
		HideSolutionNode = FALSE
	EndGlobalSection
	GlobalSection(ExtensibilityGlobals) = postSolution
		SolutionGuid = {5F210A78-D457-4AC4-9E7D-84270F763040}
	EndGlobalSection
EndGlobal
